
Microsoft Visual Studio Solution File, Format Version 12.00
# Visual Studio Version 16
VisualStudioVersion = 16.0.33214.272
MinimumVisualStudioVersion = 10.0.40219.1
Project("{6989167D-11E4-40FE-8C1A-2192A86A7E90}") = "Benchmark.f", "src\Benchmark.f.vfproj", "{AA3CCEFA-E58B-402E-889C-694760AA01FC}"
EndProject
Project("{6989167D-11E4-40FE-8C1A-2192A86A7E90}") = "Poisson", "examples\poisson\Poisson.vfproj", "{50EE234E-EF8E-44E9-BF7A-6AB5CD4515E3}"
	ProjectSection(ProjectDependencies) = postProject
		{AA3CCEFA-E58B-402E-889C-694760AA01FC} = {AA3CCEFA-E58B-402E-889C-694760AA01FC}
	EndProjectSection
EndProject
Project("{2150E333-8FDC-42A3-9474-1A3956D46DE8}") = "src", "src", "{237B0922-3F83-403F-AF67-01420AE3D3A4}"
EndProject
Project("{2150E333-8FDC-42A3-9474-1A3956D46DE8}") = "test", "test", "{36F70D5D-B6B5-47D8-B555-EFD6A59E5815}"
EndProject
Project("{2150E333-8FDC-42A3-9474-1A3956D46DE8}") = "examples", "examples", "{00373DF6-1850-489C-9240-F529D8C3426A}"
EndProject
Project("{6989167D-11E4-40FE-8C1A-2192A86A7E90}") = "Test.Benchmark", "tests\Test.Benchmark.vfproj", "{E0FE764A-6FE6-492B-9609-F36A1340F8E1}"
	ProjectSection(ProjectDependencies) = postProject
		{AA3CCEFA-E58B-402E-889C-694760AA01FC} = {AA3CCEFA-E58B-402E-889C-694760AA01FC}
	EndProjectSection
EndProject
Project("{6989167D-11E4-40FE-8C1A-2192A86A7E90}") = "Simple", "examples\simple\Simple.vfproj", "{B8CD607A-66B5-4F43-A388-B3E374162333}"
	ProjectSection(ProjectDependencies) = postProject
		{AA3CCEFA-E58B-402E-889C-694760AA01FC} = {AA3CCEFA-E58B-402E-889C-694760AA01FC}
	EndProjectSection
EndProject
Project("{6989167D-11E4-40FE-8C1A-2192A86A7E90}") = "Allocation", "examples\allocation\Allocation.vfproj", "{9E965D55-EC4D-4B5C-9714-5D52788A85FE}"
	ProjectSection(ProjectDependencies) = postProject
		{AA3CCEFA-E58B-402E-889C-694760AA01FC} = {AA3CCEFA-E58B-402E-889C-694760AA01FC}
	EndProjectSection
EndProject
Global
	GlobalSection(SolutionConfigurationPlatforms) = preSolution
		Debug|x64 = Debug|x64
		Debug|x86 = Debug|x86
		Release|x64 = Release|x64
		Release|x86 = Release|x86
	EndGlobalSection
	GlobalSection(ProjectConfigurationPlatforms) = postSolution
		{AA3CCEFA-E58B-402E-889C-694760AA01FC}.Debug|x64.ActiveCfg = Debug|x64
		{AA3CCEFA-E58B-402E-889C-694760AA01FC}.Debug|x64.Build.0 = Debug|x64
		{AA3CCEFA-E58B-402E-889C-694760AA01FC}.Debug|x86.ActiveCfg = Debug|Win32
		{AA3CCEFA-E58B-402E-889C-694760AA01FC}.Debug|x86.Build.0 = Debug|Win32
		{AA3CCEFA-E58B-402E-889C-694760AA01FC}.Release|x64.ActiveCfg = Release|x64
		{AA3CCEFA-E58B-402E-889C-694760AA01FC}.Release|x64.Build.0 = Release|x64
		{AA3CCEFA-E58B-402E-889C-694760AA01FC}.Release|x86.ActiveCfg = Release|Win32
		{AA3CCEFA-E58B-402E-889C-694760AA01FC}.Release|x86.Build.0 = Release|Win32
		{50EE234E-EF8E-44E9-BF7A-6AB5CD4515E3}.Debug|x64.ActiveCfg = Debug|x64
		{50EE234E-EF8E-44E9-BF7A-6AB5CD4515E3}.Debug|x64.Build.0 = Debug|x64
		{50EE234E-EF8E-44E9-BF7A-6AB5CD4515E3}.Debug|x86.ActiveCfg = Debug|Win32
		{50EE234E-EF8E-44E9-BF7A-6AB5CD4515E3}.Debug|x86.Build.0 = Debug|Win32
		{50EE234E-EF8E-44E9-BF7A-6AB5CD4515E3}.Release|x64.ActiveCfg = Release|x64
		{50EE234E-EF8E-44E9-BF7A-6AB5CD4515E3}.Release|x64.Build.0 = Release|x64
		{50EE234E-EF8E-44E9-BF7A-6AB5CD4515E3}.Release|x86.ActiveCfg = Release|Win32
		{50EE234E-EF8E-44E9-BF7A-6AB5CD4515E3}.Release|x86.Build.0 = Release|Win32
		{E0FE764A-6FE6-492B-9609-F36A1340F8E1}.Debug|x64.ActiveCfg = Debug|x64
		{E0FE764A-6FE6-492B-9609-F36A1340F8E1}.Debug|x64.Build.0 = Debug|x64
		{E0FE764A-6FE6-492B-9609-F36A1340F8E1}.Debug|x86.ActiveCfg = Debug|Win32
		{E0FE764A-6FE6-492B-9609-F36A1340F8E1}.Debug|x86.Build.0 = Debug|Win32
		{E0FE764A-6FE6-492B-9609-F36A1340F8E1}.Release|x64.ActiveCfg = Release|x64
		{E0FE764A-6FE6-492B-9609-F36A1340F8E1}.Release|x64.Build.0 = Release|x64
		{E0FE764A-6FE6-492B-9609-F36A1340F8E1}.Release|x86.ActiveCfg = Release|Win32
		{E0FE764A-6FE6-492B-9609-F36A1340F8E1}.Release|x86.Build.0 = Release|Win32
		{B8CD607A-66B5-4F43-A388-B3E374162333}.Debug|x64.ActiveCfg = Debug|x64
		{B8CD607A-66B5-4F43-A388-B3E374162333}.Debug|x64.Build.0 = Debug|x64
		{B8CD607A-66B5-4F43-A388-B3E374162333}.Debug|x86.ActiveCfg = Debug|Win32
		{B8CD607A-66B5-4F43-A388-B3E374162333}.Debug|x86.Build.0 = Debug|Win32
		{B8CD607A-66B5-4F43-A388-B3E374162333}.Release|x64.ActiveCfg = Release|x64
		{B8CD607A-66B5-4F43-A388-B3E374162333}.Release|x64.Build.0 = Release|x64
		{B8CD607A-66B5-4F43-A388-B3E374162333}.Release|x86.ActiveCfg = Release|Win32
		{B8CD607A-66B5-4F43-A388-B3E374162333}.Release|x86.Build.0 = Release|Win32
		{9E965D55-EC4D-4B5C-9714-5D52788A85FE}.Debug|x64.ActiveCfg = Debug|x64
		{9E965D55-EC4D-4B5C-9714-5D52788A85FE}.Debug|x64.Build.0 = Debug|x64
		{9E965D55-EC4D-4B5C-9714-5D52788A85FE}.Debug|x86.ActiveCfg = Debug|Win32
		{9E965D55-EC4D-4B5C-9714-5D52788A85FE}.Debug|x86.Build.0 = Debug|Win32
		{9E965D55-EC4D-4B5C-9714-5D52788A85FE}.Release|x64.ActiveCfg = Release|x64
		{9E965D55-EC4D-4B5C-9714-5D52788A85FE}.Release|x64.Build.0 = Release|x64
		{9E965D55-EC4D-4B5C-9714-5D52788A85FE}.Release|x86.ActiveCfg = Release|Win32
		{9E965D55-EC4D-4B5C-9714-5D52788A85FE}.Release|x86.Build.0 = Release|Win32
	EndGlobalSection
	GlobalSection(SolutionProperties) = preSolution
		HideSolutionNode = FALSE
	EndGlobalSection
	GlobalSection(NestedProjects) = preSolution
		{AA3CCEFA-E58B-402E-889C-694760AA01FC} = {237B0922-3F83-403F-AF67-01420AE3D3A4}
		{50EE234E-EF8E-44E9-BF7A-6AB5CD4515E3} = {00373DF6-1850-489C-9240-F529D8C3426A}
		{E0FE764A-6FE6-492B-9609-F36A1340F8E1} = {36F70D5D-B6B5-47D8-B555-EFD6A59E5815}
		{B8CD607A-66B5-4F43-A388-B3E374162333} = {00373DF6-1850-489C-9240-F529D8C3426A}
		{9E965D55-EC4D-4B5C-9714-5D52788A85FE} = {00373DF6-1850-489C-9240-F529D8C3426A}
	EndGlobalSection
	GlobalSection(ExtensibilityGlobals) = postSolution
		SolutionGuid = {5C796BFB-91B1-48F7-8542-40D131C90786}
	EndGlobalSection
EndGlobal
